
Microsoft Visual Studio Solution File, Format Version 12.00
# Visual Studio 14
VisualStudioVersion = 14.0.23107.0
MinimumVisualStudioVersion = 10.0.40219.1
Project("{FAE04EC0-301F-11D3-BF4B-00C04F79EFBC}") = "CodeGadgets.Open.MSDNAssist", "CodeGadgets.Open.MSDNAssist\CodeGadgets.Open.MSDNAssist.csproj", "{92FD4ECD-7FF2-487D-AEBA-D92C890F765D}"
EndProject
Project("{FAE04EC0-301F-11D3-BF4B-00C04F79EFBC}") = "CodeGadgets.Open.Framework", "..\..\Framework\CodeGadgets.Open.Framework\CodeGadgets.Open.Framework\CodeGadgets.Open.Framework.csproj", "{294E80EF-91D9-4ADD-97BC-001453C0F6D8}"
EndProject
Project("{FAE04EC0-301F-11D3-BF4B-00C04F79EFBC}") = "CodeGadgets.Framework", "..\..\..\..\C\CG\Framework\CodeGadgets.Framework\CodeGadgets.Framework\CodeGadgets.Framework.csproj", "{C5E599C9-A9D6-42ED-8D9C-933A720CC477}"
EndProject
Global
	GlobalSection(SolutionConfigurationPlatforms) = preSolution
		Debug|Any CPU = Debug|Any CPU
		Debug|x64 = Debug|x64
		Release|Any CPU = Release|Any CPU
		Release|x64 = Release|x64
	EndGlobalSection
	GlobalSection(ProjectConfigurationPlatforms) = postSolution
		{92FD4ECD-7FF2-487D-AEBA-D92C890F765D}.Debug|Any CPU.ActiveCfg = Debug|Any CPU
		{92FD4ECD-7FF2-487D-AEBA-D92C890F765D}.Debug|Any CPU.Build.0 = Debug|Any CPU
		{92FD4ECD-7FF2-487D-AEBA-D92C890F765D}.Debug|x64.ActiveCfg = Debug|Any CPU
		{92FD4ECD-7FF2-487D-AEBA-D92C890F765D}.Debug|x64.Build.0 = Debug|Any CPU
		{92FD4ECD-7FF2-487D-AEBA-D92C890F765D}.Release|Any CPU.ActiveCfg = Release|Any CPU
		{92FD4ECD-7FF2-487D-AEBA-D92C890F765D}.Release|Any CPU.Build.0 = Release|Any CPU
		{92FD4ECD-7FF2-487D-AEBA-D92C890F765D}.Release|x64.ActiveCfg = Release|Any CPU
		{92FD4ECD-7FF2-487D-AEBA-D92C890F765D}.Release|x64.Build.0 = Release|Any CPU
		{294E80EF-91D9-4ADD-97BC-001453C0F6D8}.Debug|Any CPU.ActiveCfg = Debug|Any CPU
		{294E80EF-91D9-4ADD-97BC-001453C0F6D8}.Debug|Any CPU.Build.0 = Debug|Any CPU
		{294E80EF-91D9-4ADD-97BC-001453C0F6D8}.Debug|x64.ActiveCfg = Debug|Any CPU
		{294E80EF-91D9-4ADD-97BC-001453C0F6D8}.Debug|x64.Build.0 = Debug|Any CPU
		{294E80EF-91D9-4ADD-97BC-001453C0F6D8}.Release|Any CPU.ActiveCfg = Release|Any CPU
		{294E80EF-91D9-4ADD-97BC-001453C0F6D8}.Release|Any CPU.Build.0 = Release|Any CPU
		{294E80EF-91D9-4ADD-97BC-001453C0F6D8}.Release|x64.ActiveCfg = Release|Any CPU
		{294E80EF-91D9-4ADD-97BC-001453C0F6D8}.Release|x64.Build.0 = Release|Any CPU
		{C5E599C9-A9D6-42ED-8D9C-933A720CC477}.Debug|Any CPU.ActiveCfg = Debug|Any CPU
		{C5E599C9-A9D6-42ED-8D9C-933A720CC477}.Debug|Any CPU.Build.0 = Debug|Any CPU
		{C5E599C9-A9D6-42ED-8D9C-933A720CC477}.Debug|x64.ActiveCfg = Debug|x64
		{C5E599C9-A9D6-42ED-8D9C-933A720CC477}.Debug|x64.Build.0 = Debug|x64
		{C5E599C9-A9D6-42ED-8D9C-933A720CC477}.Release|Any CPU.ActiveCfg = Release|Any CPU
		{C5E599C9-A9D6-42ED-8D9C-933A720CC477}.Release|Any CPU.Build.0 = Release|Any CPU
		{C5E599C9-A9D6-42ED-8D9C-933A720CC477}.Release|x64.ActiveCfg = Release|x64
		{C5E599C9-A9D6-42ED-8D9C-933A720CC477}.Release|x64.Build.0 = Release|x64
	EndGlobalSection
	GlobalSection(SolutionProperties) = preSolution
		HideSolutionNode = FALSE
	EndGlobalSection
EndGlobal
